
Microsoft Visual Studio Solution File, Format Version 12.00
# Visual Studio 15
VisualStudioVersion = 15.0.26730.10
MinimumVisualStudioVersion = 10.0.40219.1
Project("{FAE04EC0-301F-11D3-BF4B-00C04F79EFBC}") = "HelloWorld", "HelloWorld\HelloWorld.csproj", "{9FF5B5D7-B7FC-4F03-B13E-ADC16D4E8350}"
EndProject
Project("{FAE04EC0-301F-11D3-BF4B-00C04F79EFBC}") = "PowerArgsTests", "ArgsTests\PowerArgsTests.csproj", "{A059EF3C-3AC2-4DC2-9236-9328D3C3408E}"
EndProject
Project("{2150E333-8FDC-42A3-9474-1A3956D46DE8}") = "Solution Items", "Solution Items", "{8159C52C-C248-4C1A-9B22-FF405280EB6F}"
	ProjectSection(SolutionItems) = preProject
		.gitignore = .gitignore
		PowerArgs.vsmdi = PowerArgs.vsmdi
		readme.md = readme.md
		Release Process.txt = Release Process.txt
		TestSettings1.testsettings = TestSettings1.testsettings
	EndProjectSection
EndProject
Project("{2150E333-8FDC-42A3-9474-1A3956D46DE8}") = ".nuget", ".nuget", "{75F86EA7-B846-46BC-B584-EFDF11A425E8}"
	ProjectSection(SolutionItems) = preProject
		.nuget\NuGet.Config = .nuget\NuGet.Config
		.nuget\NuGet.exe = .nuget\NuGet.exe
		.nuget\NuGet.targets = .nuget\NuGet.targets
	EndProjectSection
EndProject
Project("{9A19103F-16F7-4668-BE54-9A1E7A4F7556}") = "PowerArgs", "PowerArgs\PowerArgs.csproj", "{B321562D-4335-4EE2-9DB3-E263B0DDF06A}"
EndProject
Project("{9A19103F-16F7-4668-BE54-9A1E7A4F7556}") = "PowerArgsVideoPlayer", "PowerArgsVideoPlayer\PowerArgsVideoPlayer.csproj", "{7D76E438-2E9D-4CB6-BBD7-C41364B67956}"
EndProject
Project("{FAE04EC0-301F-11D3-BF4B-00C04F79EFBC}") = "WindowsSoundProvider", "WindowsSoundProvider\WindowsSoundProvider.csproj", "{6F4F38BD-BB56-4A26-8E8E-4237D5D277B1}"
EndProject
Project("{FAE04EC0-301F-11D3-BF4B-00C04F79EFBC}") = "DemoGame", "DemoGame\DemoGame.csproj", "{9BD88BE2-89E6-4577-B402-C7957D75ADD3}"
EndProject
Project("{FAE04EC0-301F-11D3-BF4B-00C04F79EFBC}") = "LevelEditor", "LevelEditor\LevelEditor.csproj", "{C4C6C026-2E7F-4458-9270-2B2497C677A4}"
EndProject
Project("{FAE04EC0-301F-11D3-BF4B-00C04F79EFBC}") = "PowerArgsVideoPlayerWindows", "PowerArgsVideoPlayerWindows\PowerArgsVideoPlayerWindows.csproj", "{D730826D-AC7E-405E-BD9D-46DB9FD7EBF3}"
EndProject
Global
	GlobalSection(SolutionConfigurationPlatforms) = preSolution
		Debug|Any CPU = Debug|Any CPU
		Debug|Mixed Platforms = Debug|Mixed Platforms
		Debug|x86 = Debug|x86
		Release|Any CPU = Release|Any CPU
		Release|Mixed Platforms = Release|Mixed Platforms
		Release|x86 = Release|x86
	EndGlobalSection
	GlobalSection(ProjectConfigurationPlatforms) = postSolution
		{9FF5B5D7-B7FC-4F03-B13E-ADC16D4E8350}.Debug|Any CPU.ActiveCfg = Debug|x86
		{9FF5B5D7-B7FC-4F03-B13E-ADC16D4E8350}.Debug|Mixed Platforms.ActiveCfg = Debug|x86
		{9FF5B5D7-B7FC-4F03-B13E-ADC16D4E8350}.Debug|Mixed Platforms.Build.0 = Debug|x86
		{9FF5B5D7-B7FC-4F03-B13E-ADC16D4E8350}.Debug|x86.ActiveCfg = Debug|x86
		{9FF5B5D7-B7FC-4F03-B13E-ADC16D4E8350}.Debug|x86.Build.0 = Debug|x86
		{9FF5B5D7-B7FC-4F03-B13E-ADC16D4E8350}.Release|Any CPU.ActiveCfg = Release|x86
		{9FF5B5D7-B7FC-4F03-B13E-ADC16D4E8350}.Release|Mixed Platforms.ActiveCfg = Release|x86
		{9FF5B5D7-B7FC-4F03-B13E-ADC16D4E8350}.Release|Mixed Platforms.Build.0 = Release|x86
		{9FF5B5D7-B7FC-4F03-B13E-ADC16D4E8350}.Release|x86.ActiveCfg = Release|x86
		{9FF5B5D7-B7FC-4F03-B13E-ADC16D4E8350}.Release|x86.Build.0 = Release|x86
		{A059EF3C-3AC2-4DC2-9236-9328D3C3408E}.Debug|Any CPU.ActiveCfg = Debug|Any CPU
		{A059EF3C-3AC2-4DC2-9236-9328D3C3408E}.Debug|Any CPU.Build.0 = Debug|Any CPU
		{A059EF3C-3AC2-4DC2-9236-9328D3C3408E}.Debug|Mixed Platforms.ActiveCfg = Debug|Any CPU
		{A059EF3C-3AC2-4DC2-9236-9328D3C3408E}.Debug|Mixed Platforms.Build.0 = Debug|Any CPU
		{A059EF3C-3AC2-4DC2-9236-9328D3C3408E}.Debug|x86.ActiveCfg = Debug|Any CPU
		{A059EF3C-3AC2-4DC2-9236-9328D3C3408E}.Release|Any CPU.ActiveCfg = Release|Any CPU
		{A059EF3C-3AC2-4DC2-9236-9328D3C3408E}.Release|Any CPU.Build.0 = Release|Any CPU
		{A059EF3C-3AC2-4DC2-9236-9328D3C3408E}.Release|Mixed Platforms.ActiveCfg = Release|Any CPU
		{A059EF3C-3AC2-4DC2-9236-9328D3C3408E}.Release|Mixed Platforms.Build.0 = Release|Any CPU
		{A059EF3C-3AC2-4DC2-9236-9328D3C3408E}.Release|x86.ActiveCfg = Release|Any CPU
		{B321562D-4335-4EE2-9DB3-E263B0DDF06A}.Debug|Any CPU.ActiveCfg = Debug|Any CPU
		{B321562D-4335-4EE2-9DB3-E263B0DDF06A}.Debug|Any CPU.Build.0 = Debug|Any CPU
		{B321562D-4335-4EE2-9DB3-E263B0DDF06A}.Debug|Mixed Platforms.ActiveCfg = Debug|Any CPU
		{B321562D-4335-4EE2-9DB3-E263B0DDF06A}.Debug|Mixed Platforms.Build.0 = Debug|Any CPU
		{B321562D-4335-4EE2-9DB3-E263B0DDF06A}.Debug|x86.ActiveCfg = Debug|Any CPU
		{B321562D-4335-4EE2-9DB3-E263B0DDF06A}.Debug|x86.Build.0 = Debug|Any CPU
		{B321562D-4335-4EE2-9DB3-E263B0DDF06A}.Release|Any CPU.ActiveCfg = Release|Any CPU
		{B321562D-4335-4EE2-9DB3-E263B0DDF06A}.Release|Any CPU.Build.0 = Release|Any CPU
		{B321562D-4335-4EE2-9DB3-E263B0DDF06A}.Release|Mixed Platforms.ActiveCfg = Release|Any CPU
		{B321562D-4335-4EE2-9DB3-E263B0DDF06A}.Release|Mixed Platforms.Build.0 = Release|Any CPU
		{B321562D-4335-4EE2-9DB3-E263B0DDF06A}.Release|x86.ActiveCfg = Release|Any CPU
		{B321562D-4335-4EE2-9DB3-E263B0DDF06A}.Release|x86.Build.0 = Release|Any CPU
		{7D76E438-2E9D-4CB6-BBD7-C41364B67956}.Debug|Any CPU.ActiveCfg = Debug|Any CPU
		{7D76E438-2E9D-4CB6-BBD7-C41364B67956}.Debug|Any CPU.Build.0 = Debug|Any CPU
		{7D76E438-2E9D-4CB6-BBD7-C41364B67956}.Debug|Mixed Platforms.ActiveCfg = Debug|Any CPU
		{7D76E438-2E9D-4CB6-BBD7-C41364B67956}.Debug|Mixed Platforms.Build.0 = Debug|Any CPU
		{7D76E438-2E9D-4CB6-BBD7-C41364B67956}.Debug|x86.ActiveCfg = Debug|Any CPU
		{7D76E438-2E9D-4CB6-BBD7-C41364B67956}.Debug|x86.Build.0 = Debug|Any CPU
		{7D76E438-2E9D-4CB6-BBD7-C41364B67956}.Release|Any CPU.ActiveCfg = Release|Any CPU
		{7D76E438-2E9D-4CB6-BBD7-C41364B67956}.Release|Any CPU.Build.0 = Release|Any CPU
		{7D76E438-2E9D-4CB6-BBD7-C41364B67956}.Release|Mixed Platforms.ActiveCfg = Release|Any CPU
		{7D76E438-2E9D-4CB6-BBD7-C41364B67956}.Release|Mixed Platforms.Build.0 = Release|Any CPU
		{7D76E438-2E9D-4CB6-BBD7-C41364B67956}.Release|x86.ActiveCfg = Release|Any CPU
		{7D76E438-2E9D-4CB6-BBD7-C41364B67956}.Release|x86.Build.0 = Release|Any CPU
		{6F4F38BD-BB56-4A26-8E8E-4237D5D277B1}.Debug|Any CPU.ActiveCfg = Debug|Any CPU
		{6F4F38BD-BB56-4A26-8E8E-4237D5D277B1}.Debug|Any CPU.Build.0 = Debug|Any CPU
		{6F4F38BD-BB56-4A26-8E8E-4237D5D277B1}.Debug|Mixed Platforms.ActiveCfg = Debug|Any CPU
		{6F4F38BD-BB56-4A26-8E8E-4237D5D277B1}.Debug|Mixed Platforms.Build.0 = Debug|Any CPU
		{6F4F38BD-BB56-4A26-8E8E-4237D5D277B1}.Debug|x86.ActiveCfg = Debug|Any CPU
		{6F4F38BD-BB56-4A26-8E8E-4237D5D277B1}.Debug|x86.Build.0 = Debug|Any CPU
		{6F4F38BD-BB56-4A26-8E8E-4237D5D277B1}.Release|Any CPU.ActiveCfg = Release|Any CPU
		{6F4F38BD-BB56-4A26-8E8E-4237D5D277B1}.Release|Any CPU.Build.0 = Release|Any CPU
		{6F4F38BD-BB56-4A26-8E8E-4237D5D277B1}.Release|Mixed Platforms.ActiveCfg = Release|Any CPU
		{6F4F38BD-BB56-4A26-8E8E-4237D5D277B1}.Release|Mixed Platforms.Build.0 = Release|Any CPU
		{6F4F38BD-BB56-4A26-8E8E-4237D5D277B1}.Release|x86.ActiveCfg = Release|Any CPU
		{6F4F38BD-BB56-4A26-8E8E-4237D5D277B1}.Release|x86.Build.0 = Release|Any CPU
		{9BD88BE2-89E6-4577-B402-C7957D75ADD3}.Debug|Any CPU.ActiveCfg = Debug|Any CPU
		{9BD88BE2-89E6-4577-B402-C7957D75ADD3}.Debug|Any CPU.Build.0 = Debug|Any CPU
		{9BD88BE2-89E6-4577-B402-C7957D75ADD3}.Debug|Mixed Platforms.ActiveCfg = Debug|Any CPU
		{9BD88BE2-89E6-4577-B402-C7957D75ADD3}.Debug|Mixed Platforms.Build.0 = Debug|Any CPU
		{9BD88BE2-89E6-4577-B402-C7957D75ADD3}.Debug|x86.ActiveCfg = Debug|Any CPU
		{9BD88BE2-89E6-4577-B402-C7957D75ADD3}.Debug|x86.Build.0 = Debug|Any CPU
		{9BD88BE2-89E6-4577-B402-C7957D75ADD3}.Release|Any CPU.ActiveCfg = Release|Any CPU
		{9BD88BE2-89E6-4577-B402-C7957D75ADD3}.Release|Any CPU.Build.0 = Release|Any CPU
		{9BD88BE2-89E6-4577-B402-C7957D75ADD3}.Release|Mixed Platforms.ActiveCfg = Release|Any CPU
		{9BD88BE2-89E6-4577-B402-C7957D75ADD3}.Release|Mixed Platforms.Build.0 = Release|Any CPU
		{9BD88BE2-89E6-4577-B402-C7957D75ADD3}.Release|x86.ActiveCfg = Release|Any CPU
		{9BD88BE2-89E6-4577-B402-C7957D75ADD3}.Release|x86.Build.0 = Release|Any CPU
		{C4C6C026-2E7F-4458-9270-2B2497C677A4}.Debug|Any CPU.ActiveCfg = Debug|Any CPU
		{C4C6C026-2E7F-4458-9270-2B2497C677A4}.Debug|Any CPU.Build.0 = Debug|Any CPU
		{C4C6C026-2E7F-4458-9270-2B2497C677A4}.Debug|Mixed Platforms.ActiveCfg = Debug|Any CPU
		{C4C6C026-2E7F-4458-9270-2B2497C677A4}.Debug|Mixed Platforms.Build.0 = Debug|Any CPU
		{C4C6C026-2E7F-4458-9270-2B2497C677A4}.Debug|x86.ActiveCfg = Debug|Any CPU
		{C4C6C026-2E7F-4458-9270-2B2497C677A4}.Debug|x86.Build.0 = Debug|Any CPU
		{C4C6C026-2E7F-4458-9270-2B2497C677A4}.Release|Any CPU.ActiveCfg = Release|Any CPU
		{C4C6C026-2E7F-4458-9270-2B2497C677A4}.Release|Any CPU.Build.0 = Release|Any CPU
		{C4C6C026-2E7F-4458-9270-2B2497C677A4}.Release|Mixed Platforms.ActiveCfg = Release|Any CPU
		{C4C6C026-2E7F-4458-9270-2B2497C677A4}.Release|Mixed Platforms.Build.0 = Release|Any CPU
		{C4C6C026-2E7F-4458-9270-2B2497C677A4}.Release|x86.ActiveCfg = Release|Any CPU
		{C4C6C026-2E7F-4458-9270-2B2497C677A4}.Release|x86.Build.0 = Release|Any CPU
		{D730826D-AC7E-405E-BD9D-46DB9FD7EBF3}.Debug|Any CPU.ActiveCfg = Debug|Any CPU
		{D730826D-AC7E-405E-BD9D-46DB9FD7EBF3}.Debug|Any CPU.Build.0 = Debug|Any CPU
		{D730826D-AC7E-405E-BD9D-46DB9FD7EBF3}.Debug|Mixed Platforms.ActiveCfg = Debug|Any CPU
		{D730826D-AC7E-405E-BD9D-46DB9FD7EBF3}.Debug|Mixed Platforms.Build.0 = Debug|Any CPU
		{D730826D-AC7E-405E-BD9D-46DB9FD7EBF3}.Debug|x86.ActiveCfg = Debug|Any CPU
		{D730826D-AC7E-405E-BD9D-46DB9FD7EBF3}.Debug|x86.Build.0 = Debug|Any CPU
		{D730826D-AC7E-405E-BD9D-46DB9FD7EBF3}.Release|Any CPU.ActiveCfg = Release|Any CPU
		{D730826D-AC7E-405E-BD9D-46DB9FD7EBF3}.Release|Any CPU.Build.0 = Release|Any CPU
		{D730826D-AC7E-405E-BD9D-46DB9FD7EBF3}.Release|Mixed Platforms.ActiveCfg = Release|Any CPU
		{D730826D-AC7E-405E-BD9D-46DB9FD7EBF3}.Release|Mixed Platforms.Build.0 = Release|Any CPU
		{D730826D-AC7E-405E-BD9D-46DB9FD7EBF3}.Release|x86.ActiveCfg = Release|Any CPU
		{D730826D-AC7E-405E-BD9D-46DB9FD7EBF3}.Release|x86.Build.0 = Release|Any CPU
	EndGlobalSection
	GlobalSection(SolutionProperties) = preSolution
		HideSolutionNode = FALSE
	EndGlobalSection
	GlobalSection(ExtensibilityGlobals) = postSolution
		SolutionGuid = {856AEAB4-3541-4888-A5A3-F55A3E5E7033}
	EndGlobalSection
	GlobalSection(TestCaseManagementSettings) = postSolution
		CategoryFile = PowerArgs.vsmdi
	EndGlobalSection
EndGlobal
