
Microsoft Visual Studio Solution File, Format Version 12.00
# Visual Studio Version 16
VisualStudioVersion = 16.0.29806.167
MinimumVisualStudioVersion = 10.0.40219.1
Project("{2150E333-8FDC-42A3-9474-1A3956D46DE8}") = "Solution Items", "Solution Items", "{8159C52C-C248-4C1A-9B22-FF405280EB6F}"
	ProjectSection(SolutionItems) = preProject
		.gitignore = .gitignore
		PowerArgs.vsmdi = PowerArgs.vsmdi
		readme.md = readme.md
		Release Process.txt = Release Process.txt
		TestSettings1.testsettings = TestSettings1.testsettings
	EndProjectSection
EndProject
Project("{2150E333-8FDC-42A3-9474-1A3956D46DE8}") = ".nuget", ".nuget", "{75F86EA7-B846-46BC-B584-EFDF11A425E8}"
	ProjectSection(SolutionItems) = preProject
		.nuget\NuGet.Config = .nuget\NuGet.Config
		.nuget\NuGet.exe = .nuget\NuGet.exe
	EndProjectSection
EndProject
Project("{9A19103F-16F7-4668-BE54-9A1E7A4F7556}") = "PowerArgs", "PowerArgs\PowerArgs.csproj", "{B321562D-4335-4EE2-9DB3-E263B0DDF06A}"
EndProject
Project("{9A19103F-16F7-4668-BE54-9A1E7A4F7556}") = "PowerArgsVideoPlayer", "PowerArgsVideoPlayer\PowerArgsVideoPlayer.csproj", "{7D76E438-2E9D-4CB6-BBD7-C41364B67956}"
EndProject
Project("{FAE04EC0-301F-11D3-BF4B-00C04F79EFBC}") = "PowerArgsVideoPlayerWindows", "PowerArgsVideoPlayerWindows\PowerArgsVideoPlayerWindows.csproj", "{D730826D-AC7E-405E-BD9D-46DB9FD7EBF3}"
EndProject
Project("{9A19103F-16F7-4668-BE54-9A1E7A4F7556}") = "PowerArgsTestCore", "PowerArgsTestCore\PowerArgsTestCore.csproj", "{FE80C276-F40C-4C41-B490-8E155085A3B1}"
EndProject
Project("{9A19103F-16F7-4668-BE54-9A1E7A4F7556}") = "Samples", "Samples\Samples.csproj", "{E61F107D-3144-45BC-9506-C28209E2CA8A}"
EndProject
Project("{FAE04EC0-301F-11D3-BF4B-00C04F79EFBC}") = "Samples.NET", "Samples.NET\Samples.NET.csproj", "{E0754452-BF59-45D7-803B-E37EA10474AD}"
EndProject
Global
	GlobalSection(SolutionConfigurationPlatforms) = preSolution
		Debug|Any CPU = Debug|Any CPU
		Debug|Mixed Platforms = Debug|Mixed Platforms
		Debug|x86 = Debug|x86
		Release|Any CPU = Release|Any CPU
		Release|Mixed Platforms = Release|Mixed Platforms
		Release|x86 = Release|x86
	EndGlobalSection
	GlobalSection(ProjectConfigurationPlatforms) = postSolution
		{B321562D-4335-4EE2-9DB3-E263B0DDF06A}.Debug|Any CPU.ActiveCfg = Debug|Any CPU
		{B321562D-4335-4EE2-9DB3-E263B0DDF06A}.Debug|Any CPU.Build.0 = Debug|Any CPU
		{B321562D-4335-4EE2-9DB3-E263B0DDF06A}.Debug|Mixed Platforms.ActiveCfg = Debug|Any CPU
		{B321562D-4335-4EE2-9DB3-E263B0DDF06A}.Debug|Mixed Platforms.Build.0 = Debug|Any CPU
		{B321562D-4335-4EE2-9DB3-E263B0DDF06A}.Debug|x86.ActiveCfg = Debug|Any CPU
		{B321562D-4335-4EE2-9DB3-E263B0DDF06A}.Debug|x86.Build.0 = Debug|Any CPU
		{B321562D-4335-4EE2-9DB3-E263B0DDF06A}.Release|Any CPU.ActiveCfg = Release|Any CPU
		{B321562D-4335-4EE2-9DB3-E263B0DDF06A}.Release|Any CPU.Build.0 = Release|Any CPU
		{B321562D-4335-4EE2-9DB3-E263B0DDF06A}.Release|Mixed Platforms.ActiveCfg = Release|Any CPU
		{B321562D-4335-4EE2-9DB3-E263B0DDF06A}.Release|Mixed Platforms.Build.0 = Release|Any CPU
		{B321562D-4335-4EE2-9DB3-E263B0DDF06A}.Release|x86.ActiveCfg = Release|Any CPU
		{B321562D-4335-4EE2-9DB3-E263B0DDF06A}.Release|x86.Build.0 = Release|Any CPU
		{7D76E438-2E9D-4CB6-BBD7-C41364B67956}.Debug|Any CPU.ActiveCfg = Debug|Any CPU
		{7D76E438-2E9D-4CB6-BBD7-C41364B67956}.Debug|Any CPU.Build.0 = Debug|Any CPU
		{7D76E438-2E9D-4CB6-BBD7-C41364B67956}.Debug|Mixed Platforms.ActiveCfg = Debug|Any CPU
		{7D76E438-2E9D-4CB6-BBD7-C41364B67956}.Debug|Mixed Platforms.Build.0 = Debug|Any CPU
		{7D76E438-2E9D-4CB6-BBD7-C41364B67956}.Debug|x86.ActiveCfg = Debug|Any CPU
		{7D76E438-2E9D-4CB6-BBD7-C41364B67956}.Debug|x86.Build.0 = Debug|Any CPU
		{7D76E438-2E9D-4CB6-BBD7-C41364B67956}.Release|Any CPU.ActiveCfg = Release|Any CPU
		{7D76E438-2E9D-4CB6-BBD7-C41364B67956}.Release|Any CPU.Build.0 = Release|Any CPU
		{7D76E438-2E9D-4CB6-BBD7-C41364B67956}.Release|Mixed Platforms.ActiveCfg = Release|Any CPU
		{7D76E438-2E9D-4CB6-BBD7-C41364B67956}.Release|Mixed Platforms.Build.0 = Release|Any CPU
		{7D76E438-2E9D-4CB6-BBD7-C41364B67956}.Release|x86.ActiveCfg = Release|Any CPU
		{7D76E438-2E9D-4CB6-BBD7-C41364B67956}.Release|x86.Build.0 = Release|Any CPU
		{D730826D-AC7E-405E-BD9D-46DB9FD7EBF3}.Debug|Any CPU.ActiveCfg = Debug|Any CPU
		{D730826D-AC7E-405E-BD9D-46DB9FD7EBF3}.Debug|Any CPU.Build.0 = Debug|Any CPU
		{D730826D-AC7E-405E-BD9D-46DB9FD7EBF3}.Debug|Mixed Platforms.ActiveCfg = Debug|Any CPU
		{D730826D-AC7E-405E-BD9D-46DB9FD7EBF3}.Debug|Mixed Platforms.Build.0 = Debug|Any CPU
		{D730826D-AC7E-405E-BD9D-46DB9FD7EBF3}.Debug|x86.ActiveCfg = Debug|Any CPU
		{D730826D-AC7E-405E-BD9D-46DB9FD7EBF3}.Debug|x86.Build.0 = Debug|Any CPU
		{D730826D-AC7E-405E-BD9D-46DB9FD7EBF3}.Release|Any CPU.ActiveCfg = Release|Any CPU
		{D730826D-AC7E-405E-BD9D-46DB9FD7EBF3}.Release|Any CPU.Build.0 = Release|Any CPU
		{D730826D-AC7E-405E-BD9D-46DB9FD7EBF3}.Release|Mixed Platforms.ActiveCfg = Release|Any CPU
		{D730826D-AC7E-405E-BD9D-46DB9FD7EBF3}.Release|Mixed Platforms.Build.0 = Release|Any CPU
		{D730826D-AC7E-405E-BD9D-46DB9FD7EBF3}.Release|x86.ActiveCfg = Release|Any CPU
		{D730826D-AC7E-405E-BD9D-46DB9FD7EBF3}.Release|x86.Build.0 = Release|Any CPU
		{FE80C276-F40C-4C41-B490-8E155085A3B1}.Debug|Any CPU.ActiveCfg = Debug|Any CPU
		{FE80C276-F40C-4C41-B490-8E155085A3B1}.Debug|Any CPU.Build.0 = Debug|Any CPU
		{FE80C276-F40C-4C41-B490-8E155085A3B1}.Debug|Mixed Platforms.ActiveCfg = Debug|Any CPU
		{FE80C276-F40C-4C41-B490-8E155085A3B1}.Debug|Mixed Platforms.Build.0 = Debug|Any CPU
		{FE80C276-F40C-4C41-B490-8E155085A3B1}.Debug|x86.ActiveCfg = Debug|Any CPU
		{FE80C276-F40C-4C41-B490-8E155085A3B1}.Debug|x86.Build.0 = Debug|Any CPU
		{FE80C276-F40C-4C41-B490-8E155085A3B1}.Release|Any CPU.ActiveCfg = Release|Any CPU
		{FE80C276-F40C-4C41-B490-8E155085A3B1}.Release|Any CPU.Build.0 = Release|Any CPU
		{FE80C276-F40C-4C41-B490-8E155085A3B1}.Release|Mixed Platforms.ActiveCfg = Release|Any CPU
		{FE80C276-F40C-4C41-B490-8E155085A3B1}.Release|Mixed Platforms.Build.0 = Release|Any CPU
		{FE80C276-F40C-4C41-B490-8E155085A3B1}.Release|x86.ActiveCfg = Release|Any CPU
		{FE80C276-F40C-4C41-B490-8E155085A3B1}.Release|x86.Build.0 = Release|Any CPU
		{E61F107D-3144-45BC-9506-C28209E2CA8A}.Debug|Any CPU.ActiveCfg = Debug|Any CPU
		{E61F107D-3144-45BC-9506-C28209E2CA8A}.Debug|Any CPU.Build.0 = Debug|Any CPU
		{E61F107D-3144-45BC-9506-C28209E2CA8A}.Debug|Mixed Platforms.ActiveCfg = Debug|Any CPU
		{E61F107D-3144-45BC-9506-C28209E2CA8A}.Debug|Mixed Platforms.Build.0 = Debug|Any CPU
		{E61F107D-3144-45BC-9506-C28209E2CA8A}.Debug|x86.ActiveCfg = Debug|Any CPU
		{E61F107D-3144-45BC-9506-C28209E2CA8A}.Debug|x86.Build.0 = Debug|Any CPU
		{E61F107D-3144-45BC-9506-C28209E2CA8A}.Release|Any CPU.ActiveCfg = Release|Any CPU
		{E61F107D-3144-45BC-9506-C28209E2CA8A}.Release|Any CPU.Build.0 = Release|Any CPU
		{E61F107D-3144-45BC-9506-C28209E2CA8A}.Release|Mixed Platforms.ActiveCfg = Release|Any CPU
		{E61F107D-3144-45BC-9506-C28209E2CA8A}.Release|Mixed Platforms.Build.0 = Release|Any CPU
		{E61F107D-3144-45BC-9506-C28209E2CA8A}.Release|x86.ActiveCfg = Release|Any CPU
		{E61F107D-3144-45BC-9506-C28209E2CA8A}.Release|x86.Build.0 = Release|Any CPU
		{E0754452-BF59-45D7-803B-E37EA10474AD}.Debug|Any CPU.ActiveCfg = Debug|Any CPU
		{E0754452-BF59-45D7-803B-E37EA10474AD}.Debug|Any CPU.Build.0 = Debug|Any CPU
		{E0754452-BF59-45D7-803B-E37EA10474AD}.Debug|Mixed Platforms.ActiveCfg = Debug|Any CPU
		{E0754452-BF59-45D7-803B-E37EA10474AD}.Debug|Mixed Platforms.Build.0 = Debug|Any CPU
		{E0754452-BF59-45D7-803B-E37EA10474AD}.Debug|x86.ActiveCfg = Debug|Any CPU
		{E0754452-BF59-45D7-803B-E37EA10474AD}.Debug|x86.Build.0 = Debug|Any CPU
		{E0754452-BF59-45D7-803B-E37EA10474AD}.Release|Any CPU.ActiveCfg = Release|Any CPU
		{E0754452-BF59-45D7-803B-E37EA10474AD}.Release|Any CPU.Build.0 = Release|Any CPU
		{E0754452-BF59-45D7-803B-E37EA10474AD}.Release|Mixed Platforms.ActiveCfg = Release|Any CPU
		{E0754452-BF59-45D7-803B-E37EA10474AD}.Release|Mixed Platforms.Build.0 = Release|Any CPU
		{E0754452-BF59-45D7-803B-E37EA10474AD}.Release|x86.ActiveCfg = Release|Any CPU
		{E0754452-BF59-45D7-803B-E37EA10474AD}.Release|x86.Build.0 = Release|Any CPU
	EndGlobalSection
	GlobalSection(SolutionProperties) = preSolution
		HideSolutionNode = FALSE
	EndGlobalSection
	GlobalSection(ExtensibilityGlobals) = postSolution
		SolutionGuid = {856AEAB4-3541-4888-A5A3-F55A3E5E7033}
	EndGlobalSection
	GlobalSection(TestCaseManagementSettings) = postSolution
		CategoryFile = PowerArgs.vsmdi
	EndGlobalSection
EndGlobal
